
Microsoft Visual Studio Solution File, Format Version 12.00
# Visual Studio Version 17
VisualStudioVersion = 17.13.35806.99 d17.13
MinimumVisualStudioVersion = 10.0.40219.1
Project("{FAE04EC0-301F-11D3-BF4B-00C04F79EFBC}") = "MyPortfolioApp", "MyPortfolioApp\MyPortfolioApp.csproj", "{0C67B57B-D8F6-49B0-AA9F-A366352F8191}"
EndProject
Global
	GlobalSection(SolutionConfigurationPlatforms) = preSolution
		Debug|Any CPU = Debug|Any CPU
		Release|Any CPU = Release|Any CPU
	EndGlobalSection
	GlobalSection(ProjectConfigurationPlatforms) = postSolution
		{0C67B57B-D8F6-49B0-AA9F-A366352F8191}.Debug|Any CPU.ActiveCfg = Debug|Any CPU
		{0C67B57B-D8F6-49B0-AA9F-A366352F8191}.Debug|Any CPU.Build.0 = Debug|Any CPU
		{0C67B57B-D8F6-49B0-AA9F-A366352F8191}.Release|Any CPU.ActiveCfg = Release|Any CPU
		{0C67B57B-D8F6-49B0-AA9F-A366352F8191}.Release|Any CPU.Build.0 = Release|Any CPU
	EndGlobalSection
	GlobalSection(SolutionProperties) = preSolution
		HideSolutionNode = FALSE
	EndGlobalSection
	GlobalSection(ExtensibilityGlobals) = postSolution
		SolutionGuid = {7B6BD025-E333-45BD-B5AB-098D0F7BD026}
	EndGlobalSection
EndGlobal
